
Microsoft Visual Studio Solution File, Format Version 12.00
# Visual Studio Version 16
VisualStudioVersion = 16.0.30611.23
MinimumVisualStudioVersion = 10.0.40219.1
Project("{2150E333-8FDC-42A3-9474-1A3956D46DE8}") = "Network", "Network", "{023D5C2B-543C-45B1-91AE-CC51E487CA5B}"
EndProject
Project("{FAE04EC0-301F-11D3-BF4B-00C04F79EFBC}") = "TCPServer", "TCPServer\TCPServer.csproj", "{28FCE499-5041-4E52-95AA-1CB2B1037C84}"
EndProject
Project("{FAE04EC0-301F-11D3-BF4B-00C04F79EFBC}") = "TCPClient", "TCPClient\TCPClient.csproj", "{0C86AFE8-75F5-4882-BBC5-667F2A19BF1E}"
EndProject
Project("{FAE04EC0-301F-11D3-BF4B-00C04F79EFBC}") = "UDPServer", "UDPServer\UDPServer.csproj", "{B94B1096-F0F4-4BB7-8BB5-4EFB27454BFB}"
EndProject
Project("{FAE04EC0-301F-11D3-BF4B-00C04F79EFBC}") = "UDPClient", "UDPClient\UDPClient.csproj", "{E92531C4-FED1-433D-9955-6CB6C2C01C6D}"
EndProject
Project("{2150E333-8FDC-42A3-9474-1A3956D46DE8}") = "Algorithms", "Algorithms", "{1001226E-7A75-4E3A-B58B-638D8687E7A4}"
EndProject
Project("{FAE04EC0-301F-11D3-BF4B-00C04F79EFBC}") = "InsertionSort", "InsertionSort\InsertionSort.csproj", "{F629B9D2-8874-45D9-8CD2-6206A72388F5}"
EndProject
Project("{FAE04EC0-301F-11D3-BF4B-00C04F79EFBC}") = "BubbleSort", "BubbleSort\BubbleSort.csproj", "{17D1098E-A626-4834-B2E1-7FE26759A306}"
EndProject
Project("{FAE04EC0-301F-11D3-BF4B-00C04F79EFBC}") = "Quicksort", "Quicksort\Quicksort.csproj", "{39949CBD-FE2C-4D72-8261-E049DF4038D8}"
EndProject
Project("{2150E333-8FDC-42A3-9474-1A3956D46DE8}") = "Sorting", "Sorting", "{01E483EB-F87E-494F-8B4A-6441357F9A0F}"
EndProject
Project("{FAE04EC0-301F-11D3-BF4B-00C04F79EFBC}") = "Generics", "Generics\Generics.csproj", "{9FD218AB-0083-4C67-A059-47D397BFF2C3}"
EndProject
Project("{2150E333-8FDC-42A3-9474-1A3956D46DE8}") = "Graphs", "Graphs", "{0F4572E7-26E5-4952-9BCD-5E080A46FCC4}"
EndProject
Project("{FAE04EC0-301F-11D3-BF4B-00C04F79EFBC}") = "Graph", "Graph\Graph.csproj", "{CECE72F0-945A-4960-8AF9-9157145616C6}"
EndProject
Project("{2150E333-8FDC-42A3-9474-1A3956D46DE8}") = "Search", "Search", "{102846A6-6906-4773-A60F-65B306F68805}"
EndProject
Project("{FAE04EC0-301F-11D3-BF4B-00C04F79EFBC}") = "DepthFirstSearch", "DepthFirstSearch\DepthFirstSearch.csproj", "{07FBDE88-BD1A-4C0B-8153-48D668490EC6}"
EndProject
Project("{FAE04EC0-301F-11D3-BF4B-00C04F79EFBC}") = "BreadthFirstSearch", "BreadthFirstSearch\BreadthFirstSearch.csproj", "{6BAA9AEC-8BBA-4BEB-9D77-7AB61D8AD50B}"
EndProject
Project("{FAE04EC0-301F-11D3-BF4B-00C04F79EFBC}") = "AStar", "AStar\AStar.csproj", "{31D282D3-0BF2-4651-9436-7A5D53B1D672}"
EndProject
Project("{2150E333-8FDC-42A3-9474-1A3956D46DE8}") = "Threads", "Threads", "{93DDB4FA-8EA2-4A15-BC30-666D5CE62674}"
EndProject
Project("{FAE04EC0-301F-11D3-BF4B-00C04F79EFBC}") = "Deadlock", "Deadlock\Deadlock.csproj", "{55902EC9-70A5-4591-A803-B4B8E9CF17FD}"
EndProject
Project("{FAE04EC0-301F-11D3-BF4B-00C04F79EFBC}") = "Livelock", "Livelock\Livelock.csproj", "{1354CE4F-C319-408D-BB42-9DF569A89BE2}"
EndProject
Project("{FAE04EC0-301F-11D3-BF4B-00C04F79EFBC}") = "Starvation", "Starvation\Starvation.csproj", "{D3BED17A-93E0-4C22-ADC1-B893EC51608A}"
EndProject
Project("{FAE04EC0-301F-11D3-BF4B-00C04F79EFBC}") = "RaceCondition", "RaceCondition\RaceCondition.csproj", "{2CB344DC-A94F-485A-81E3-B9234014DABD}"
EndProject
Project("{FAE04EC0-301F-11D3-BF4B-00C04F79EFBC}") = "Lock", "Lock\Lock.csproj", "{3BB61ADA-371E-46D2-AECF-16D0D2247CB1}"
EndProject
Project("{FAE04EC0-301F-11D3-BF4B-00C04F79EFBC}") = "Monitor_", "Monitor_\Monitor_.csproj", "{3C3235EA-1394-4F8A-9FC7-5B12C62B68FC}"
EndProject
Project("{2150E333-8FDC-42A3-9474-1A3956D46DE8}") = "Synchronization", "Synchronization", "{8FC64FA7-2CF7-43DE-AF68-3F915A285FCC}"
EndProject
Project("{2150E333-8FDC-42A3-9474-1A3956D46DE8}") = "Problems", "Problems", "{28896D32-2408-4019-9055-C06603BD1C6F}"
EndProject
Project("{FAE04EC0-301F-11D3-BF4B-00C04F79EFBC}") = "Mutex_", "Mutex_\Mutex_.csproj", "{B3A5DBAC-A6C7-45DF-A46D-A647C3247FF2}"
EndProject
Project("{FAE04EC0-301F-11D3-BF4B-00C04F79EFBC}") = "Semaphore_", "Semaphore_\Semaphore_.csproj", "{66B13D1D-0C69-4E48-BAEF-B5D135D8684C}"
EndProject
Project("{FAE04EC0-301F-11D3-BF4B-00C04F79EFBC}") = "ThreadPool_", "ThreadPool_\ThreadPool_.csproj", "{D25A5FFC-B81C-4AA3-95C8-933DC936265D}"
EndProject
Project("{2150E333-8FDC-42A3-9474-1A3956D46DE8}") = "Design Patterns", "Design Patterns", "{69D748A9-7527-4498-A951-FD69FAF219FE}"
EndProject
Project("{FAE04EC0-301F-11D3-BF4B-00C04F79EFBC}") = "SingletonPattern", "SingletonPattern\SingletonPattern.csproj", "{90EA10A4-CD7A-40EF-854E-9E112CDDD618}"
EndProject
Project("{FAE04EC0-301F-11D3-BF4B-00C04F79EFBC}") = "CommandPattern", "CommandPattern\CommandPattern.csproj", "{BAF95BA2-BE9D-46D4-BC43-BD62C065F9B2}"
EndProject
Project("{FAE04EC0-301F-11D3-BF4B-00C04F79EFBC}") = "CompositePattern", "CompositePattern\CompositePattern.csproj", "{C8A71A8F-5BF8-4EC4-B952-542B2D7B3DB6}"
EndProject
Project("{2150E333-8FDC-42A3-9474-1A3956D46DE8}") = "Testing", "Testing", "{221E0BD0-A8EA-4467-981E-116A1CAADB3D}"
EndProject
Project("{FAE04EC0-301F-11D3-BF4B-00C04F79EFBC}") = "CodeCoverage", "CodeCoverage\CodeCoverage.csproj", "{BCEB55BE-1956-4FCD-ACF5-738CA3399509}"
EndProject
Project("{FAE04EC0-301F-11D3-BF4B-00C04F79EFBC}") = "CodeCoverage_Test", "CodeCoverage_Test\CodeCoverage_Test.csproj", "{3C5E9358-739D-446C-BC8D-AE942F745482}"
EndProject
Project("{FAE04EC0-301F-11D3-BF4B-00C04F79EFBC}") = "RESTServer", "RESTServer\RESTServer.csproj", "{AC542160-D87B-45B9-AE0B-CF6C41DC4272}"
EndProject
Project("{FAE04EC0-301F-11D3-BF4B-00C04F79EFBC}") = "BuilderPattern", "BuilderPattern\BuilderPattern.csproj", "{6F12953D-5593-4B1E-9B26-66513C16E10F}"
EndProject
Project("{FAE04EC0-301F-11D3-BF4B-00C04F79EFBC}") = "FactoryPattern", "FactoryPattern\FactoryPattern.csproj", "{818B8749-5CF1-4821-B38B-4CA6A6656BEF}"
EndProject
Project("{FAE04EC0-301F-11D3-BF4B-00C04F79EFBC}") = "PrototypePattern", "PrototypePattern\PrototypePattern.csproj", "{4B972B63-3B70-49ED-8D6A-29886E7DC004}"
EndProject
Project("{FAE04EC0-301F-11D3-BF4B-00C04F79EFBC}") = "ObjectPoolPattern", "ObjectPoolPattern\ObjectPoolPattern.csproj", "{EA1CC308-8335-41EC-8460-741FCCE31D94}"
EndProject
Project("{FAE04EC0-301F-11D3-BF4B-00C04F79EFBC}") = "LazyLoading", "LazyLoading\LazyLoading.csproj", "{18480061-0FC4-4CA2-B90F-DBDB97F4922B}"
EndProject
Project("{FAE04EC0-301F-11D3-BF4B-00C04F79EFBC}") = "StatePattern", "StatePattern\StatePattern.csproj", "{C9B0E933-52B0-4DDF-893B-C2DC381A76F9}"
EndProject
Project("{FAE04EC0-301F-11D3-BF4B-00C04F79EFBC}") = "StrategyPattern", "StrategyPattern\StrategyPattern.csproj", "{07D3C1AB-EDB4-42F5-A48A-CBFB41A7399E}"
EndProject
Project("{FAE04EC0-301F-11D3-BF4B-00C04F79EFBC}") = "DecoratorPattern", "DecoratorPattern\DecoratorPattern.csproj", "{91E946ED-88A6-4AC7-B71A-E9DCEF816C43}"
EndProject
Project("{FAE04EC0-301F-11D3-BF4B-00C04F79EFBC}") = "ObserverPattern", "ObserverPattern\ObserverPattern.csproj", "{375E45E8-09C0-4A2F-B604-6464B1477D61}"
EndProject
Global
	GlobalSection(SolutionConfigurationPlatforms) = preSolution
		Debug|Any CPU = Debug|Any CPU
		Release|Any CPU = Release|Any CPU
	EndGlobalSection
	GlobalSection(ProjectConfigurationPlatforms) = postSolution
		{28FCE499-5041-4E52-95AA-1CB2B1037C84}.Debug|Any CPU.ActiveCfg = Debug|Any CPU
		{28FCE499-5041-4E52-95AA-1CB2B1037C84}.Debug|Any CPU.Build.0 = Debug|Any CPU
		{28FCE499-5041-4E52-95AA-1CB2B1037C84}.Release|Any CPU.ActiveCfg = Release|Any CPU
		{28FCE499-5041-4E52-95AA-1CB2B1037C84}.Release|Any CPU.Build.0 = Release|Any CPU
		{0C86AFE8-75F5-4882-BBC5-667F2A19BF1E}.Debug|Any CPU.ActiveCfg = Debug|Any CPU
		{0C86AFE8-75F5-4882-BBC5-667F2A19BF1E}.Debug|Any CPU.Build.0 = Debug|Any CPU
		{0C86AFE8-75F5-4882-BBC5-667F2A19BF1E}.Release|Any CPU.ActiveCfg = Release|Any CPU
		{0C86AFE8-75F5-4882-BBC5-667F2A19BF1E}.Release|Any CPU.Build.0 = Release|Any CPU
		{B94B1096-F0F4-4BB7-8BB5-4EFB27454BFB}.Debug|Any CPU.ActiveCfg = Debug|Any CPU
		{B94B1096-F0F4-4BB7-8BB5-4EFB27454BFB}.Debug|Any CPU.Build.0 = Debug|Any CPU
		{B94B1096-F0F4-4BB7-8BB5-4EFB27454BFB}.Release|Any CPU.ActiveCfg = Release|Any CPU
		{B94B1096-F0F4-4BB7-8BB5-4EFB27454BFB}.Release|Any CPU.Build.0 = Release|Any CPU
		{E92531C4-FED1-433D-9955-6CB6C2C01C6D}.Debug|Any CPU.ActiveCfg = Debug|Any CPU
		{E92531C4-FED1-433D-9955-6CB6C2C01C6D}.Debug|Any CPU.Build.0 = Debug|Any CPU
		{E92531C4-FED1-433D-9955-6CB6C2C01C6D}.Release|Any CPU.ActiveCfg = Release|Any CPU
		{E92531C4-FED1-433D-9955-6CB6C2C01C6D}.Release|Any CPU.Build.0 = Release|Any CPU
		{F629B9D2-8874-45D9-8CD2-6206A72388F5}.Debug|Any CPU.ActiveCfg = Debug|Any CPU
		{F629B9D2-8874-45D9-8CD2-6206A72388F5}.Debug|Any CPU.Build.0 = Debug|Any CPU
		{F629B9D2-8874-45D9-8CD2-6206A72388F5}.Release|Any CPU.ActiveCfg = Release|Any CPU
		{F629B9D2-8874-45D9-8CD2-6206A72388F5}.Release|Any CPU.Build.0 = Release|Any CPU
		{17D1098E-A626-4834-B2E1-7FE26759A306}.Debug|Any CPU.ActiveCfg = Debug|Any CPU
		{17D1098E-A626-4834-B2E1-7FE26759A306}.Debug|Any CPU.Build.0 = Debug|Any CPU
		{17D1098E-A626-4834-B2E1-7FE26759A306}.Release|Any CPU.ActiveCfg = Release|Any CPU
		{17D1098E-A626-4834-B2E1-7FE26759A306}.Release|Any CPU.Build.0 = Release|Any CPU
		{39949CBD-FE2C-4D72-8261-E049DF4038D8}.Debug|Any CPU.ActiveCfg = Debug|Any CPU
		{39949CBD-FE2C-4D72-8261-E049DF4038D8}.Debug|Any CPU.Build.0 = Debug|Any CPU
		{39949CBD-FE2C-4D72-8261-E049DF4038D8}.Release|Any CPU.ActiveCfg = Release|Any CPU
		{39949CBD-FE2C-4D72-8261-E049DF4038D8}.Release|Any CPU.Build.0 = Release|Any CPU
		{9FD218AB-0083-4C67-A059-47D397BFF2C3}.Debug|Any CPU.ActiveCfg = Debug|Any CPU
		{9FD218AB-0083-4C67-A059-47D397BFF2C3}.Debug|Any CPU.Build.0 = Debug|Any CPU
		{9FD218AB-0083-4C67-A059-47D397BFF2C3}.Release|Any CPU.ActiveCfg = Release|Any CPU
		{9FD218AB-0083-4C67-A059-47D397BFF2C3}.Release|Any CPU.Build.0 = Release|Any CPU
		{CECE72F0-945A-4960-8AF9-9157145616C6}.Debug|Any CPU.ActiveCfg = Debug|Any CPU
		{CECE72F0-945A-4960-8AF9-9157145616C6}.Debug|Any CPU.Build.0 = Debug|Any CPU
		{CECE72F0-945A-4960-8AF9-9157145616C6}.Release|Any CPU.ActiveCfg = Release|Any CPU
		{CECE72F0-945A-4960-8AF9-9157145616C6}.Release|Any CPU.Build.0 = Release|Any CPU
		{07FBDE88-BD1A-4C0B-8153-48D668490EC6}.Debug|Any CPU.ActiveCfg = Debug|Any CPU
		{07FBDE88-BD1A-4C0B-8153-48D668490EC6}.Debug|Any CPU.Build.0 = Debug|Any CPU
		{07FBDE88-BD1A-4C0B-8153-48D668490EC6}.Release|Any CPU.ActiveCfg = Release|Any CPU
		{07FBDE88-BD1A-4C0B-8153-48D668490EC6}.Release|Any CPU.Build.0 = Release|Any CPU
		{6BAA9AEC-8BBA-4BEB-9D77-7AB61D8AD50B}.Debug|Any CPU.ActiveCfg = Debug|Any CPU
		{6BAA9AEC-8BBA-4BEB-9D77-7AB61D8AD50B}.Debug|Any CPU.Build.0 = Debug|Any CPU
		{6BAA9AEC-8BBA-4BEB-9D77-7AB61D8AD50B}.Release|Any CPU.ActiveCfg = Release|Any CPU
		{6BAA9AEC-8BBA-4BEB-9D77-7AB61D8AD50B}.Release|Any CPU.Build.0 = Release|Any CPU
		{31D282D3-0BF2-4651-9436-7A5D53B1D672}.Debug|Any CPU.ActiveCfg = Debug|Any CPU
		{31D282D3-0BF2-4651-9436-7A5D53B1D672}.Debug|Any CPU.Build.0 = Debug|Any CPU
		{31D282D3-0BF2-4651-9436-7A5D53B1D672}.Release|Any CPU.ActiveCfg = Release|Any CPU
		{31D282D3-0BF2-4651-9436-7A5D53B1D672}.Release|Any CPU.Build.0 = Release|Any CPU
		{55902EC9-70A5-4591-A803-B4B8E9CF17FD}.Debug|Any CPU.ActiveCfg = Debug|Any CPU
		{55902EC9-70A5-4591-A803-B4B8E9CF17FD}.Debug|Any CPU.Build.0 = Debug|Any CPU
		{55902EC9-70A5-4591-A803-B4B8E9CF17FD}.Release|Any CPU.ActiveCfg = Release|Any CPU
		{55902EC9-70A5-4591-A803-B4B8E9CF17FD}.Release|Any CPU.Build.0 = Release|Any CPU
		{1354CE4F-C319-408D-BB42-9DF569A89BE2}.Debug|Any CPU.ActiveCfg = Debug|Any CPU
		{1354CE4F-C319-408D-BB42-9DF569A89BE2}.Debug|Any CPU.Build.0 = Debug|Any CPU
		{1354CE4F-C319-408D-BB42-9DF569A89BE2}.Release|Any CPU.ActiveCfg = Release|Any CPU
		{1354CE4F-C319-408D-BB42-9DF569A89BE2}.Release|Any CPU.Build.0 = Release|Any CPU
		{D3BED17A-93E0-4C22-ADC1-B893EC51608A}.Debug|Any CPU.ActiveCfg = Debug|Any CPU
		{D3BED17A-93E0-4C22-ADC1-B893EC51608A}.Debug|Any CPU.Build.0 = Debug|Any CPU
		{D3BED17A-93E0-4C22-ADC1-B893EC51608A}.Release|Any CPU.ActiveCfg = Release|Any CPU
		{D3BED17A-93E0-4C22-ADC1-B893EC51608A}.Release|Any CPU.Build.0 = Release|Any CPU
		{2CB344DC-A94F-485A-81E3-B9234014DABD}.Debug|Any CPU.ActiveCfg = Debug|Any CPU
		{2CB344DC-A94F-485A-81E3-B9234014DABD}.Debug|Any CPU.Build.0 = Debug|Any CPU
		{2CB344DC-A94F-485A-81E3-B9234014DABD}.Release|Any CPU.ActiveCfg = Release|Any CPU
		{2CB344DC-A94F-485A-81E3-B9234014DABD}.Release|Any CPU.Build.0 = Release|Any CPU
		{3BB61ADA-371E-46D2-AECF-16D0D2247CB1}.Debug|Any CPU.ActiveCfg = Debug|Any CPU
		{3BB61ADA-371E-46D2-AECF-16D0D2247CB1}.Debug|Any CPU.Build.0 = Debug|Any CPU
		{3BB61ADA-371E-46D2-AECF-16D0D2247CB1}.Release|Any CPU.ActiveCfg = Release|Any CPU
		{3BB61ADA-371E-46D2-AECF-16D0D2247CB1}.Release|Any CPU.Build.0 = Release|Any CPU
		{3C3235EA-1394-4F8A-9FC7-5B12C62B68FC}.Debug|Any CPU.ActiveCfg = Debug|Any CPU
		{3C3235EA-1394-4F8A-9FC7-5B12C62B68FC}.Debug|Any CPU.Build.0 = Debug|Any CPU
		{3C3235EA-1394-4F8A-9FC7-5B12C62B68FC}.Release|Any CPU.ActiveCfg = Release|Any CPU
		{3C3235EA-1394-4F8A-9FC7-5B12C62B68FC}.Release|Any CPU.Build.0 = Release|Any CPU
		{B3A5DBAC-A6C7-45DF-A46D-A647C3247FF2}.Debug|Any CPU.ActiveCfg = Debug|Any CPU
		{B3A5DBAC-A6C7-45DF-A46D-A647C3247FF2}.Debug|Any CPU.Build.0 = Debug|Any CPU
		{B3A5DBAC-A6C7-45DF-A46D-A647C3247FF2}.Release|Any CPU.ActiveCfg = Release|Any CPU
		{B3A5DBAC-A6C7-45DF-A46D-A647C3247FF2}.Release|Any CPU.Build.0 = Release|Any CPU
		{66B13D1D-0C69-4E48-BAEF-B5D135D8684C}.Debug|Any CPU.ActiveCfg = Debug|Any CPU
		{66B13D1D-0C69-4E48-BAEF-B5D135D8684C}.Debug|Any CPU.Build.0 = Debug|Any CPU
		{66B13D1D-0C69-4E48-BAEF-B5D135D8684C}.Release|Any CPU.ActiveCfg = Release|Any CPU
		{66B13D1D-0C69-4E48-BAEF-B5D135D8684C}.Release|Any CPU.Build.0 = Release|Any CPU
		{D25A5FFC-B81C-4AA3-95C8-933DC936265D}.Debug|Any CPU.ActiveCfg = Debug|Any CPU
		{D25A5FFC-B81C-4AA3-95C8-933DC936265D}.Debug|Any CPU.Build.0 = Debug|Any CPU
		{D25A5FFC-B81C-4AA3-95C8-933DC936265D}.Release|Any CPU.ActiveCfg = Release|Any CPU
		{D25A5FFC-B81C-4AA3-95C8-933DC936265D}.Release|Any CPU.Build.0 = Release|Any CPU
		{90EA10A4-CD7A-40EF-854E-9E112CDDD618}.Debug|Any CPU.ActiveCfg = Debug|Any CPU
		{90EA10A4-CD7A-40EF-854E-9E112CDDD618}.Debug|Any CPU.Build.0 = Debug|Any CPU
		{90EA10A4-CD7A-40EF-854E-9E112CDDD618}.Release|Any CPU.ActiveCfg = Release|Any CPU
		{90EA10A4-CD7A-40EF-854E-9E112CDDD618}.Release|Any CPU.Build.0 = Release|Any CPU
		{BAF95BA2-BE9D-46D4-BC43-BD62C065F9B2}.Debug|Any CPU.ActiveCfg = Debug|Any CPU
		{BAF95BA2-BE9D-46D4-BC43-BD62C065F9B2}.Debug|Any CPU.Build.0 = Debug|Any CPU
		{BAF95BA2-BE9D-46D4-BC43-BD62C065F9B2}.Release|Any CPU.ActiveCfg = Release|Any CPU
		{BAF95BA2-BE9D-46D4-BC43-BD62C065F9B2}.Release|Any CPU.Build.0 = Release|Any CPU
		{C8A71A8F-5BF8-4EC4-B952-542B2D7B3DB6}.Debug|Any CPU.ActiveCfg = Debug|Any CPU
		{C8A71A8F-5BF8-4EC4-B952-542B2D7B3DB6}.Debug|Any CPU.Build.0 = Debug|Any CPU
		{C8A71A8F-5BF8-4EC4-B952-542B2D7B3DB6}.Release|Any CPU.ActiveCfg = Release|Any CPU
		{C8A71A8F-5BF8-4EC4-B952-542B2D7B3DB6}.Release|Any CPU.Build.0 = Release|Any CPU
		{BCEB55BE-1956-4FCD-ACF5-738CA3399509}.Debug|Any CPU.ActiveCfg = Debug|Any CPU
		{BCEB55BE-1956-4FCD-ACF5-738CA3399509}.Debug|Any CPU.Build.0 = Debug|Any CPU
		{BCEB55BE-1956-4FCD-ACF5-738CA3399509}.Release|Any CPU.ActiveCfg = Release|Any CPU
		{BCEB55BE-1956-4FCD-ACF5-738CA3399509}.Release|Any CPU.Build.0 = Release|Any CPU
		{3C5E9358-739D-446C-BC8D-AE942F745482}.Debug|Any CPU.ActiveCfg = Debug|Any CPU
		{3C5E9358-739D-446C-BC8D-AE942F745482}.Debug|Any CPU.Build.0 = Debug|Any CPU
		{3C5E9358-739D-446C-BC8D-AE942F745482}.Release|Any CPU.ActiveCfg = Release|Any CPU
		{3C5E9358-739D-446C-BC8D-AE942F745482}.Release|Any CPU.Build.0 = Release|Any CPU
		{AC542160-D87B-45B9-AE0B-CF6C41DC4272}.Debug|Any CPU.ActiveCfg = Debug|Any CPU
		{AC542160-D87B-45B9-AE0B-CF6C41DC4272}.Debug|Any CPU.Build.0 = Debug|Any CPU
		{AC542160-D87B-45B9-AE0B-CF6C41DC4272}.Release|Any CPU.ActiveCfg = Release|Any CPU
		{AC542160-D87B-45B9-AE0B-CF6C41DC4272}.Release|Any CPU.Build.0 = Release|Any CPU
		{6F12953D-5593-4B1E-9B26-66513C16E10F}.Debug|Any CPU.ActiveCfg = Debug|Any CPU
		{6F12953D-5593-4B1E-9B26-66513C16E10F}.Debug|Any CPU.Build.0 = Debug|Any CPU
		{6F12953D-5593-4B1E-9B26-66513C16E10F}.Release|Any CPU.ActiveCfg = Release|Any CPU
		{6F12953D-5593-4B1E-9B26-66513C16E10F}.Release|Any CPU.Build.0 = Release|Any CPU
		{818B8749-5CF1-4821-B38B-4CA6A6656BEF}.Debug|Any CPU.ActiveCfg = Debug|Any CPU
		{818B8749-5CF1-4821-B38B-4CA6A6656BEF}.Debug|Any CPU.Build.0 = Debug|Any CPU
		{818B8749-5CF1-4821-B38B-4CA6A6656BEF}.Release|Any CPU.ActiveCfg = Release|Any CPU
		{818B8749-5CF1-4821-B38B-4CA6A6656BEF}.Release|Any CPU.Build.0 = Release|Any CPU
		{4B972B63-3B70-49ED-8D6A-29886E7DC004}.Debug|Any CPU.ActiveCfg = Debug|Any CPU
		{4B972B63-3B70-49ED-8D6A-29886E7DC004}.Debug|Any CPU.Build.0 = Debug|Any CPU
		{4B972B63-3B70-49ED-8D6A-29886E7DC004}.Release|Any CPU.ActiveCfg = Release|Any CPU
		{4B972B63-3B70-49ED-8D6A-29886E7DC004}.Release|Any CPU.Build.0 = Release|Any CPU
		{EA1CC308-8335-41EC-8460-741FCCE31D94}.Debug|Any CPU.ActiveCfg = Debug|Any CPU
		{EA1CC308-8335-41EC-8460-741FCCE31D94}.Debug|Any CPU.Build.0 = Debug|Any CPU
		{EA1CC308-8335-41EC-8460-741FCCE31D94}.Release|Any CPU.ActiveCfg = Release|Any CPU
		{EA1CC308-8335-41EC-8460-741FCCE31D94}.Release|Any CPU.Build.0 = Release|Any CPU
		{18480061-0FC4-4CA2-B90F-DBDB97F4922B}.Debug|Any CPU.ActiveCfg = Debug|Any CPU
		{18480061-0FC4-4CA2-B90F-DBDB97F4922B}.Debug|Any CPU.Build.0 = Debug|Any CPU
		{18480061-0FC4-4CA2-B90F-DBDB97F4922B}.Release|Any CPU.ActiveCfg = Release|Any CPU
		{18480061-0FC4-4CA2-B90F-DBDB97F4922B}.Release|Any CPU.Build.0 = Release|Any CPU
		{C9B0E933-52B0-4DDF-893B-C2DC381A76F9}.Debug|Any CPU.ActiveCfg = Debug|Any CPU
		{C9B0E933-52B0-4DDF-893B-C2DC381A76F9}.Debug|Any CPU.Build.0 = Debug|Any CPU
		{C9B0E933-52B0-4DDF-893B-C2DC381A76F9}.Release|Any CPU.ActiveCfg = Release|Any CPU
		{C9B0E933-52B0-4DDF-893B-C2DC381A76F9}.Release|Any CPU.Build.0 = Release|Any CPU
		{07D3C1AB-EDB4-42F5-A48A-CBFB41A7399E}.Debug|Any CPU.ActiveCfg = Debug|Any CPU
		{07D3C1AB-EDB4-42F5-A48A-CBFB41A7399E}.Debug|Any CPU.Build.0 = Debug|Any CPU
		{07D3C1AB-EDB4-42F5-A48A-CBFB41A7399E}.Release|Any CPU.ActiveCfg = Release|Any CPU
		{07D3C1AB-EDB4-42F5-A48A-CBFB41A7399E}.Release|Any CPU.Build.0 = Release|Any CPU
		{91E946ED-88A6-4AC7-B71A-E9DCEF816C43}.Debug|Any CPU.ActiveCfg = Debug|Any CPU
		{91E946ED-88A6-4AC7-B71A-E9DCEF816C43}.Debug|Any CPU.Build.0 = Debug|Any CPU
		{91E946ED-88A6-4AC7-B71A-E9DCEF816C43}.Release|Any CPU.ActiveCfg = Release|Any CPU
		{91E946ED-88A6-4AC7-B71A-E9DCEF816C43}.Release|Any CPU.Build.0 = Release|Any CPU
		{375E45E8-09C0-4A2F-B604-6464B1477D61}.Debug|Any CPU.ActiveCfg = Debug|Any CPU
		{375E45E8-09C0-4A2F-B604-6464B1477D61}.Debug|Any CPU.Build.0 = Debug|Any CPU
		{375E45E8-09C0-4A2F-B604-6464B1477D61}.Release|Any CPU.ActiveCfg = Release|Any CPU
		{375E45E8-09C0-4A2F-B604-6464B1477D61}.Release|Any CPU.Build.0 = Release|Any CPU
	EndGlobalSection
	GlobalSection(SolutionProperties) = preSolution
		HideSolutionNode = FALSE
	EndGlobalSection
	GlobalSection(NestedProjects) = preSolution
		{28FCE499-5041-4E52-95AA-1CB2B1037C84} = {023D5C2B-543C-45B1-91AE-CC51E487CA5B}
		{0C86AFE8-75F5-4882-BBC5-667F2A19BF1E} = {023D5C2B-543C-45B1-91AE-CC51E487CA5B}
		{B94B1096-F0F4-4BB7-8BB5-4EFB27454BFB} = {023D5C2B-543C-45B1-91AE-CC51E487CA5B}
		{E92531C4-FED1-433D-9955-6CB6C2C01C6D} = {023D5C2B-543C-45B1-91AE-CC51E487CA5B}
		{F629B9D2-8874-45D9-8CD2-6206A72388F5} = {01E483EB-F87E-494F-8B4A-6441357F9A0F}
		{17D1098E-A626-4834-B2E1-7FE26759A306} = {01E483EB-F87E-494F-8B4A-6441357F9A0F}
		{39949CBD-FE2C-4D72-8261-E049DF4038D8} = {01E483EB-F87E-494F-8B4A-6441357F9A0F}
		{01E483EB-F87E-494F-8B4A-6441357F9A0F} = {1001226E-7A75-4E3A-B58B-638D8687E7A4}
		{9FD218AB-0083-4C67-A059-47D397BFF2C3} = {1001226E-7A75-4E3A-B58B-638D8687E7A4}
		{0F4572E7-26E5-4952-9BCD-5E080A46FCC4} = {1001226E-7A75-4E3A-B58B-638D8687E7A4}
		{CECE72F0-945A-4960-8AF9-9157145616C6} = {0F4572E7-26E5-4952-9BCD-5E080A46FCC4}
		{102846A6-6906-4773-A60F-65B306F68805} = {1001226E-7A75-4E3A-B58B-638D8687E7A4}
		{07FBDE88-BD1A-4C0B-8153-48D668490EC6} = {102846A6-6906-4773-A60F-65B306F68805}
		{6BAA9AEC-8BBA-4BEB-9D77-7AB61D8AD50B} = {102846A6-6906-4773-A60F-65B306F68805}
		{31D282D3-0BF2-4651-9436-7A5D53B1D672} = {102846A6-6906-4773-A60F-65B306F68805}
		{55902EC9-70A5-4591-A803-B4B8E9CF17FD} = {28896D32-2408-4019-9055-C06603BD1C6F}
		{1354CE4F-C319-408D-BB42-9DF569A89BE2} = {28896D32-2408-4019-9055-C06603BD1C6F}
		{D3BED17A-93E0-4C22-ADC1-B893EC51608A} = {28896D32-2408-4019-9055-C06603BD1C6F}
		{2CB344DC-A94F-485A-81E3-B9234014DABD} = {28896D32-2408-4019-9055-C06603BD1C6F}
		{3BB61ADA-371E-46D2-AECF-16D0D2247CB1} = {8FC64FA7-2CF7-43DE-AF68-3F915A285FCC}
		{3C3235EA-1394-4F8A-9FC7-5B12C62B68FC} = {8FC64FA7-2CF7-43DE-AF68-3F915A285FCC}
		{8FC64FA7-2CF7-43DE-AF68-3F915A285FCC} = {93DDB4FA-8EA2-4A15-BC30-666D5CE62674}
		{28896D32-2408-4019-9055-C06603BD1C6F} = {93DDB4FA-8EA2-4A15-BC30-666D5CE62674}
		{B3A5DBAC-A6C7-45DF-A46D-A647C3247FF2} = {8FC64FA7-2CF7-43DE-AF68-3F915A285FCC}
		{66B13D1D-0C69-4E48-BAEF-B5D135D8684C} = {8FC64FA7-2CF7-43DE-AF68-3F915A285FCC}
		{D25A5FFC-B81C-4AA3-95C8-933DC936265D} = {93DDB4FA-8EA2-4A15-BC30-666D5CE62674}
		{90EA10A4-CD7A-40EF-854E-9E112CDDD618} = {69D748A9-7527-4498-A951-FD69FAF219FE}
		{BAF95BA2-BE9D-46D4-BC43-BD62C065F9B2} = {69D748A9-7527-4498-A951-FD69FAF219FE}
		{C8A71A8F-5BF8-4EC4-B952-542B2D7B3DB6} = {69D748A9-7527-4498-A951-FD69FAF219FE}
		{BCEB55BE-1956-4FCD-ACF5-738CA3399509} = {221E0BD0-A8EA-4467-981E-116A1CAADB3D}
		{3C5E9358-739D-446C-BC8D-AE942F745482} = {221E0BD0-A8EA-4467-981E-116A1CAADB3D}
		{AC542160-D87B-45B9-AE0B-CF6C41DC4272} = {023D5C2B-543C-45B1-91AE-CC51E487CA5B}
		{6F12953D-5593-4B1E-9B26-66513C16E10F} = {69D748A9-7527-4498-A951-FD69FAF219FE}
		{818B8749-5CF1-4821-B38B-4CA6A6656BEF} = {69D748A9-7527-4498-A951-FD69FAF219FE}
		{4B972B63-3B70-49ED-8D6A-29886E7DC004} = {69D748A9-7527-4498-A951-FD69FAF219FE}
		{EA1CC308-8335-41EC-8460-741FCCE31D94} = {69D748A9-7527-4498-A951-FD69FAF219FE}
		{18480061-0FC4-4CA2-B90F-DBDB97F4922B} = {69D748A9-7527-4498-A951-FD69FAF219FE}
		{C9B0E933-52B0-4DDF-893B-C2DC381A76F9} = {69D748A9-7527-4498-A951-FD69FAF219FE}
		{07D3C1AB-EDB4-42F5-A48A-CBFB41A7399E} = {69D748A9-7527-4498-A951-FD69FAF219FE}
		{91E946ED-88A6-4AC7-B71A-E9DCEF816C43} = {69D748A9-7527-4498-A951-FD69FAF219FE}
		{375E45E8-09C0-4A2F-B604-6464B1477D61} = {69D748A9-7527-4498-A951-FD69FAF219FE}
	EndGlobalSection
	GlobalSection(ExtensibilityGlobals) = postSolution
		SolutionGuid = {DA23AC0C-EF4B-42E5-A303-C6B8F901EDA4}
	EndGlobalSection
EndGlobal
